
Microsoft Visual Studio Solution File, Format Version 12.00
# Visual Studio 2012
Project("{FAE04EC0-301F-11D3-BF4B-00C04F79EFBC}") = "AopStudy", "AopStudy\AopStudy.csproj", "{70654E67-1DBC-4C22-9476-4A1257A73C34}"
EndProject
Global
	GlobalSection(SolutionConfigurationPlatforms) = preSolution
		Debug|Any CPU = Debug|Any CPU
		Release|Any CPU = Release|Any CPU
	EndGlobalSection
	GlobalSection(ProjectConfigurationPlatforms) = postSolution
		{70654E67-1DBC-4C22-9476-4A1257A73C34}.Debug|Any CPU.ActiveCfg = Debug|Any CPU
		{70654E67-1DBC-4C22-9476-4A1257A73C34}.Debug|Any CPU.Build.0 = Debug|Any CPU
		{70654E67-1DBC-4C22-9476-4A1257A73C34}.Release|Any CPU.ActiveCfg = Release|Any CPU
		{70654E67-1DBC-4C22-9476-4A1257A73C34}.Release|Any CPU.Build.0 = Release|Any CPU
	EndGlobalSection
	GlobalSection(SolutionProperties) = preSolution
		HideSolutionNode = FALSE
	EndGlobalSection
EndGlobal
